PODS:
  - customizable_datetime_picker (0.0.1):
    - Flutter
  - Flutter (1.0.0)

DEPENDENCIES:
  - customizable_datetime_picker (from `.symlinks/plugins/customizable_datetime_picker/ios`)
  - Flutter (from `Flutter`)

EXTERNAL SOURCES:
  customizable_datetime_picker:
    :path: ".symlinks/plugins/customizable_datetime_picker/ios"
  Flutter:
    :path: Flutter

SPEC CHECKSUMS:
  customizable_datetime_picker: 7866cf98d08369a28d625519564ae427a69a1b89
  Flutter: e0871f40cf51350855a761d2e70bf5af5b9b5de7

PODFILE CHECKSUM: c4c93c5f6502fe2754f48404d3594bf779584011

COCOAPODS: 1.16.2
